Microsoft Visual Studio Solution File, Format Version 12.00
# Visual Studio Version 18
VisualStudioVersion = 18.0.0.0
MinimumVisualStudioVersion = 10.0.40219.1
Project("{8BC9CEB8-8B4A-11D0-8D11-00A0C91BC942}") = "MediaSource", "src\MediaSource\MediaSource.vcxproj", "{EBD5CC86-35A7-4A59-95DD-BAA88097DAB8}"
EndProject
Project("{8BC9CEB8-8B4A-11D0-8D11-00A0C91BC942}") = "Registrar", "src\Registrar\Registrar.vcxproj", "{DD4BD98C-F9F1-4E47-9515-09D5FFA1737F}"
EndProject
Project("{8BC9CEB8-8B4A-11D0-8D11-00A0C91BC942}") = "ProducerTest", "src\ProducerTest\ProducerTest.vcxproj", "{39505C4D-E510-4893-90C5-F8FBD6DF5F88}"
EndProject
Project("{8BC9CEB8-8B4A-11D0-8D11-00A0C91BC942}") = "CaptureTest", "src\CaptureTest\CaptureTest.vcxproj", "{F0B7A315-DDBB-43E9-A867-48E29ABF0D53}"
EndProject
Project("{8BC9CEB8-8B4A-11D0-8D11-00A0C91BC942}") = "StaticProducer", "src\StaticProducer\StaticProducer.vcxproj", "{78542C4D-E510-4893-90C5-F8FBD6DF5F99}"
EndProject
Project("{8BC9CEB8-8B4A-11D0-8D11-00A0C91BC942}") = "VideoProducer", "src\VideoProducer\VideoProducer.vcxproj", "{A72C3583-3881-4AC4-8384-422AA42C9FFC}"
EndProject
Project("{9A19103F-16F7-4668-BE54-9A1E7A4F7556}") = "VCamSettingsUi", "src\VCamSettingsUi\VCamSettingsUi.csproj", "{A1B2C3D4-E5F6-4A7B-8C9D-0E1F2A3B4C5D}"
EndProject
Project("{9A19103F-16F7-4668-BE54-9A1E7A4F7556}") = "VCamUiTests", "src\VCamUiTests\VCamUiTests.csproj", "{3BDA5AB9-E22A-4386-951A-EB229830AC05}"
EndProject
Project("{8BC9CEB8-8B4A-11D0-8D11-00A0C91BC942}") = "VCamPreview", "src\VCamPreview\VCamPreview.vcxproj", "{BD0A8099-A996-4EDF-BA33-C1130004C78A}"
EndProject
Project("{8BC9CEB8-8B4A-11D0-8D11-00A0C91BC942}") = "ProducerCore", "src\ProducerCore\ProducerCore.vcxproj", "{4259BECC-52DD-4B64-8ACC-B93D93DDA175}"
EndProject
Project("{8BC9CEB8-8B4A-11D0-8D11-00A0C91BC942}") = "VCamVideoStreamProducer", "src\VCamVideoStreamProducer\VCamVideoStreamProducer.vcxproj", "{7C4E9A31-52B8-4D6F-9E17-A3B5C8D21F40}"
EndProject
Project("{8BC9CEB8-8B4A-11D0-8D11-00A0C91BC942}") = "VCamProducerCli", "src\VCamProducerCli\VCamProducerCli.vcxproj", "{81302D8C-7CB8-4E2C-9224-B1BA3947C47A}"
EndProject
Global
	GlobalSection(SolutionConfigurationPlatforms) = preSolution
		Release|x64 = Release|x64
	EndGlobalSection
	GlobalSection(ProjectConfigurationPlatforms) = postSolution
		{EBD5CC86-35A7-4A59-95DD-BAA88097DAB8}.Release|x64.ActiveCfg = Release|x64
		{EBD5CC86-35A7-4A59-95DD-BAA88097DAB8}.Release|x64.Build.0 = Release|x64
		{DD4BD98C-F9F1-4E47-9515-09D5FFA1737F}.Release|x64.ActiveCfg = Release|x64
		{DD4BD98C-F9F1-4E47-9515-09D5FFA1737F}.Release|x64.Build.0 = Release|x64
		{39505C4D-E510-4893-90C5-F8FBD6DF5F88}.Release|x64.ActiveCfg = Release|x64
		{39505C4D-E510-4893-90C5-F8FBD6DF5F88}.Release|x64.Build.0 = Release|x64
		{F0B7A315-DDBB-43E9-A867-48E29ABF0D53}.Release|x64.ActiveCfg = Release|x64
		{F0B7A315-DDBB-43E9-A867-48E29ABF0D53}.Release|x64.Build.0 = Release|x64
		{78542C4D-E510-4893-90C5-F8FBD6DF5F99}.Release|x64.ActiveCfg = Release|x64
		{78542C4D-E510-4893-90C5-F8FBD6DF5F99}.Release|x64.Build.0 = Release|x64
		{A72C3583-3881-4AC4-8384-422AA42C9FFC}.Release|x64.ActiveCfg = Release|x64
		{A72C3583-3881-4AC4-8384-422AA42C9FFC}.Release|x64.Build.0 = Release|x64
		{A1B2C3D4-E5F6-4A7B-8C9D-0E1F2A3B4C5D}.Release|x64.ActiveCfg = Release|x64
		{A1B2C3D4-E5F6-4A7B-8C9D-0E1F2A3B4C5D}.Release|x64.Build.0 = Release|x64
		{BD0A8099-A996-4EDF-BA33-C1130004C78A}.Release|x64.ActiveCfg = Release|x64
		{BD0A8099-A996-4EDF-BA33-C1130004C78A}.Release|x64.Build.0 = Release|x64
		{4259BECC-52DD-4B64-8ACC-B93D93DDA175}.Release|x64.ActiveCfg = Release|x64
		{4259BECC-52DD-4B64-8ACC-B93D93DDA175}.Release|x64.Build.0 = Release|x64
		{7C4E9A31-52B8-4D6F-9E17-A3B5C8D21F40}.Release|x64.ActiveCfg = Release|x64
		{7C4E9A31-52B8-4D6F-9E17-A3B5C8D21F40}.Release|x64.Build.0 = Release|x64
		{81302D8C-7CB8-4E2C-9224-B1BA3947C47A}.Release|x64.ActiveCfg = Release|x64
		{81302D8C-7CB8-4E2C-9224-B1BA3947C47A}.Release|x64.Build.0 = Release|x64
		{3BDA5AB9-E22A-4386-951A-EB229830AC05}.Release|x64.ActiveCfg = Release|x64
		{3BDA5AB9-E22A-4386-951A-EB229830AC05}.Release|x64.Build.0 = Release|x64
	EndGlobalSection
	GlobalSection(SolutionProperties) = preSolution
		HideSolutionNode = FALSE
	EndGlobalSection
EndGlobal
